{
  "version": 4,
  "terraform_version": "1.1.3",
  "serial": 17,
  "lineage": "cc2e98ee-2b3e-e522-48fa-0766ec7f340f",
  "outputs": {},
  "resources": [
    {
      "mode": "managed",
      "type": "aws_ecr_repository",
      "name": "workshop_ecr_repository_node",
      "provider": "provider[\"registry.terraform.io/hashicorp/aws\"]",
      "instances": [
        {
          "schema_version": 0,
          "attributes": {
            "arn": "arn:aws:ecr:eu-central-1:605407565959:repository/workshop_ecr_repository_node",
            "encryption_configuration": [
              {
                "encryption_type": "AES256",
                "kms_key": ""
              }
            ],
            "id": "workshop_ecr_repository_node",
            "image_scanning_configuration": [
              {
                "scan_on_push": false
              }
            ],
            "image_tag_mutability": "MUTABLE",
            "name": "workshop_ecr_repository_node",
            "registry_id": "605407565959",
            "repository_url": "605407565959.dkr.ecr.eu-central-1.amazonaws.com/workshop_ecr_repository_node",
            "tags": null,
            "tags_all": {},
            "timeouts": null
          },
          "sensitive_attributes": [],
          "private": "eyJlMmJmYjczMC1lY2FhLTExZTYtOGY4OC0zNDM2M2JjN2M0YzAiOnsiZGVsZXRlIjoxMjAwMDAwMDAwMDAwfX0="
        }
      ]
    },
    {
      "mode": "managed",
      "type": "aws_ecs_cluster",
      "name": "workshop_ecs_cluster",
      "provider": "provider[\"registry.terraform.io/hashicorp/aws\"]",
      "instances": [
        {
          "schema_version": 0,
          "attributes": {
            "arn": "arn:aws:ecs:eu-central-1:605407565959:cluster/workshop_ecs_cluster",
            "capacity_providers": null,
            "configuration": [],
            "default_capacity_provider_strategy": [],
            "id": "arn:aws:ecs:eu-central-1:605407565959:cluster/workshop_ecs_cluster",
            "name": "workshop_ecs_cluster",
            "setting": [
              {
                "name": "containerInsights",
                "value": "disabled"
              }
            ],
            "tags": null,
            "tags_all": {}
          },
          "sensitive_attributes": [],
          "private": "bnVsbA=="
        }
      ]
    },
    {
      "mode": "managed",
      "type": "aws_ecs_task_definition",
      "name": "workshop_ecs_task",
      "provider": "provider[\"registry.terraform.io/hashicorp/aws\"]",
      "instances": [
        {
          "schema_version": 1,
          "attributes": {
            "arn": "arn:aws:ecs:eu-central-1:605407565959:task-definition/workshop_ecs_task:1",
            "container_definitions": "[{\"cpu\":128,\"environment\":[],\"essential\":true,\"image\":\"605407565959.dkr.ecr.eu-central-1.amazonaws.com/workshop_ecr_repository_node\",\"memory\":128,\"mountPoints\":[],\"name\":\"node\",\"portMappings\":[{\"containerPort\":8181,\"hostPort\":5555,\"protocol\":\"tcp\"}],\"volumesFrom\":[]}]",
            "cpu": "",
            "ephemeral_storage": [],
            "execution_role_arn": "",
            "family": "workshop_ecs_task",
            "id": "workshop_ecs_task",
            "inference_accelerator": [],
            "ipc_mode": "",
            "memory": "",
            "network_mode": "",
            "pid_mode": "",
            "placement_constraints": [],
            "proxy_configuration": [],
            "requires_compatibilities": null,
            "revision": 1,
            "runtime_platform": [],
            "tags": null,
            "tags_all": {},
            "task_role_arn": "",
            "volume": []
          },
          "sensitive_attributes": [],
          "private": "eyJzY2hlbWFfdmVyc2lvbiI6IjEifQ==",
          "dependencies": [
            "aws_ecr_repository.workshop_ecr_repository_node"
          ]
        }
      ]
    }
  ]
}
